
Microsoft Visual Studio Solution File, Format Version 12.00
# Visual Studio Version 16
VisualStudioVersion = 16.0.32929.386
MinimumVisualStudioVersion = 10.0.40219.1
Project("{FAE04EC0-301F-11D3-BF4B-00C04F79EFBC}") = "ConsoleApp6", "ConsoleApp6\ConsoleApp6.csproj", "{B6289791-84CB-484B-9607-B864CA488DD1}"
EndProject
Global
	GlobalSection(SolutionConfigurationPlatforms) = preSolution
		Debug|Any CPU = Debug|Any CPU
		Release|Any CPU = Release|Any CPU
	EndGlobalSection
	GlobalSection(ProjectConfigurationPlatforms) = postSolution
		{B6289791-84CB-484B-9607-B864CA488DD1}.Debug|Any CPU.ActiveCfg = Debug|Any CPU
		{B6289791-84CB-484B-9607-B864CA488DD1}.Debug|Any CPU.Build.0 = Debug|Any CPU
		{B6289791-84CB-484B-9607-B864CA488DD1}.Release|Any CPU.ActiveCfg = Release|Any CPU
		{B6289791-84CB-484B-9607-B864CA488DD1}.Release|Any CPU.Build.0 = Release|Any CPU
	EndGlobalSection
	GlobalSection(SolutionProperties) = preSolution
		HideSolutionNode = FALSE
	EndGlobalSection
	GlobalSection(ExtensibilityGlobals) = postSolution
		SolutionGuid = {DC61D1DA-B37F-4784-A528-D0ACAC7B8976}
	EndGlobalSection
EndGlobal
